
Microsoft Visual Studio Solution File, Format Version 12.00
# Visual Studio Version 16
VisualStudioVersion = 16.0.30011.22
MinimumVisualStudioVersion = 10.0.40219.1
Project("{9A19103F-16F7-4668-BE54-9A1E7A4F7556}") = "AspNetCoreTodo", "AspNetCoreTodo\AspNetCoreTodo.csproj", "{66AD6257-0A6C-41A3-A03F-69681D1A03CA}"
EndProject
Project("{FAE04EC0-301F-11D3-BF4B-00C04F79EFBC}") = "AspNetCoreTodo.UnitTests", "AspNetCoreTodo.UnitTests\AspNetCoreTodo.UnitTests.csproj", "{A30FFE70-1EA1-482D-91B9-2F9A0D93D125}"
EndProject
Global
	GlobalSection(SolutionConfigurationPlatforms) = preSolution
		Debug|Any CPU = Debug|Any CPU
		Release|Any CPU = Release|Any CPU
	EndGlobalSection
	GlobalSection(ProjectConfigurationPlatforms) = postSolution
		{66AD6257-0A6C-41A3-A03F-69681D1A03CA}.Debug|Any CPU.ActiveCfg = Debug|Any CPU
		{66AD6257-0A6C-41A3-A03F-69681D1A03CA}.Debug|Any CPU.Build.0 = Debug|Any CPU
		{66AD6257-0A6C-41A3-A03F-69681D1A03CA}.Release|Any CPU.ActiveCfg = Release|Any CPU
		{66AD6257-0A6C-41A3-A03F-69681D1A03CA}.Release|Any CPU.Build.0 = Release|Any CPU
		{A30FFE70-1EA1-482D-91B9-2F9A0D93D125}.Debug|Any CPU.ActiveCfg = Debug|Any CPU
		{A30FFE70-1EA1-482D-91B9-2F9A0D93D125}.Debug|Any CPU.Build.0 = Debug|Any CPU
		{A30FFE70-1EA1-482D-91B9-2F9A0D93D125}.Release|Any CPU.ActiveCfg = Release|Any CPU
		{A30FFE70-1EA1-482D-91B9-2F9A0D93D125}.Release|Any CPU.Build.0 = Release|Any CPU
	EndGlobalSection
	GlobalSection(SolutionProperties) = preSolution
		HideSolutionNode = FALSE
	EndGlobalSection
	GlobalSection(ExtensibilityGlobals) = postSolution
		SolutionGuid = {40932129-3FD6-4994-9E46-08E1EF61FBDF}
	EndGlobalSection
EndGlobal
